
Microsoft Visual Studio Solution File, Format Version 12.00
# Visual Studio 15
VisualStudioVersion = 15.0.28307.705
MinimumVisualStudioVersion = 10.0.40219.1
Project("{FAE04EC0-301F-11D3-BF4B-00C04F79EFBC}") = "dnc-300-vstda-api", "dnc-300-vstda-api\dnc-300-vstda-api.csproj", "{445D15DB-028A-4826-B21C-A1825AEFB233}"
EndProject
Project("{FAE04EC0-301F-11D3-BF4B-00C04F79EFBC}") = "dnc-300-vstda-apiTests", "dnc-300-vstda-apiTests\dnc-300-vstda-apiTests.csproj", "{89050301-124A-4FBE-99C6-F5541721466A}"
EndProject
Global
	GlobalSection(SolutionConfigurationPlatforms) = preSolution
		Debug|Any CPU = Debug|Any CPU
		Release|Any CPU = Release|Any CPU
	EndGlobalSection
	GlobalSection(ProjectConfigurationPlatforms) = postSolution
		{445D15DB-028A-4826-B21C-A1825AEFB233}.Debug|Any CPU.ActiveCfg = Debug|Any CPU
		{445D15DB-028A-4826-B21C-A1825AEFB233}.Debug|Any CPU.Build.0 = Debug|Any CPU
		{445D15DB-028A-4826-B21C-A1825AEFB233}.Release|Any CPU.ActiveCfg = Release|Any CPU
		{445D15DB-028A-4826-B21C-A1825AEFB233}.Release|Any CPU.Build.0 = Release|Any CPU
		{89050301-124A-4FBE-99C6-F5541721466A}.Debug|Any CPU.ActiveCfg = Debug|Any CPU
		{89050301-124A-4FBE-99C6-F5541721466A}.Debug|Any CPU.Build.0 = Debug|Any CPU
		{89050301-124A-4FBE-99C6-F5541721466A}.Release|Any CPU.ActiveCfg = Release|Any CPU
		{89050301-124A-4FBE-99C6-F5541721466A}.Release|Any CPU.Build.0 = Release|Any CPU
	EndGlobalSection
	GlobalSection(SolutionProperties) = preSolution
		HideSolutionNode = FALSE
	EndGlobalSection
	GlobalSection(ExtensibilityGlobals) = postSolution
		SolutionGuid = {26F15FFB-F574-40B2-BD85-27A6704E670B}
	EndGlobalSection
EndGlobal
